
Microsoft Visual Studio Solution File, Format Version 12.00
# Visual Studio Version 17
VisualStudioVersion = 17.7.34031.279
MinimumVisualStudioVersion = 10.0.40219.1
Project("{FAE04EC0-301F-11D3-BF4B-00C04F79EFBC}") = "BackGroundSevices", "BackGroundSevices\BackGroundSevices.csproj", "{316FD561-8592-4F74-B138-05C3B1873F15}"
EndProject
Global
	GlobalSection(SolutionConfigurationPlatforms) = preSolution
		Debug|Any CPU = Debug|Any CPU
		Release|Any CPU = Release|Any CPU
	EndGlobalSection
	GlobalSection(ProjectConfigurationPlatforms) = postSolution
		{316FD561-8592-4F74-B138-05C3B1873F15}.Debug|Any CPU.ActiveCfg = Debug|Any CPU
		{316FD561-8592-4F74-B138-05C3B1873F15}.Debug|Any CPU.Build.0 = Debug|Any CPU
		{316FD561-8592-4F74-B138-05C3B1873F15}.Release|Any CPU.ActiveCfg = Release|Any CPU
		{316FD561-8592-4F74-B138-05C3B1873F15}.Release|Any CPU.Build.0 = Release|Any CPU
	EndGlobalSection
	GlobalSection(SolutionProperties) = preSolution
		HideSolutionNode = FALSE
	EndGlobalSection
	GlobalSection(ExtensibilityGlobals) = postSolution
		SolutionGuid = {0457354F-D55A-4B60-880C-D427FBC3FA9A}
	EndGlobalSection
EndGlobal
